
Microsoft Visual Studio Solution File, Format Version 12.00
# Visual Studio 2017
Project("{FAE04EC0-301F-11D3-BF4B-00C04F79EFBC}") = "Room Demo 1", "Room Demo 1.csproj", "{A728C364-5E36-4B97-593E-3ADE8639F943}"
EndProject
Project("{FAE04EC0-301F-11D3-BF4B-00C04F79EFBC}") = "Room Demo 1.Editor", "Room Demo 1.Editor.csproj", "{B711DD18-3302-44B7-2DE6-A15DAE053119}"
EndProject
Global
	GlobalSection(SolutionConfigurationPlatforms) = preSolution
		Debug|Any CPU = Debug|Any CPU
		Release|Any CPU = Release|Any CPU
	EndGlobalSection
	GlobalSection(ProjectConfigurationPlatforms) = postSolution
		{A728C364-5E36-4B97-593E-3ADE8639F943}.Debug|Any CPU.ActiveCfg = Debug|Any CPU
		{A728C364-5E36-4B97-593E-3ADE8639F943}.Debug|Any CPU.Build.0 = Debug|Any CPU
		{A728C364-5E36-4B97-593E-3ADE8639F943}.Release|Any CPU.ActiveCfg = Release|Any CPU
		{A728C364-5E36-4B97-593E-3ADE8639F943}.Release|Any CPU.Build.0 = Release|Any CPU
		{B711DD18-3302-44B7-2DE6-A15DAE053119}.Debug|Any CPU.ActiveCfg = Debug|Any CPU
		{B711DD18-3302-44B7-2DE6-A15DAE053119}.Debug|Any CPU.Build.0 = Debug|Any CPU
		{B711DD18-3302-44B7-2DE6-A15DAE053119}.Release|Any CPU.ActiveCfg = Release|Any CPU
		{B711DD18-3302-44B7-2DE6-A15DAE053119}.Release|Any CPU.Build.0 = Release|Any CPU
	EndGlobalSection
	GlobalSection(SolutionProperties) = preSolution
		HideSolutionNode = FALSE
	EndGlobalSection
EndGlobal
